
Microsoft Visual Studio Solution File, Format Version 12.00
# Visual Studio Version 16
VisualStudioVersion = 16.0.30309.148
MinimumVisualStudioVersion = 10.0.40219.1
Project("{FAE04EC0-301F-11D3-BF4B-00C04F79EFBC}") = "BigSchool1", "BigSchool1\BigSchool1.csproj", "{64D610F2-FDA2-41CA-85BE-4BA5EE8928ED}"
EndProject
Global
	GlobalSection(SolutionConfigurationPlatforms) = preSolution
		Debug|Any CPU = Debug|Any CPU
		Release|Any CPU = Release|Any CPU
	EndGlobalSection
	GlobalSection(ProjectConfigurationPlatforms) = postSolution
		{64D610F2-FDA2-41CA-85BE-4BA5EE8928ED}.Debug|Any CPU.ActiveCfg = Debug|Any CPU
		{64D610F2-FDA2-41CA-85BE-4BA5EE8928ED}.Debug|Any CPU.Build.0 = Debug|Any CPU
		{64D610F2-FDA2-41CA-85BE-4BA5EE8928ED}.Release|Any CPU.ActiveCfg = Release|Any CPU
		{64D610F2-FDA2-41CA-85BE-4BA5EE8928ED}.Release|Any CPU.Build.0 = Release|Any CPU
	EndGlobalSection
	GlobalSection(SolutionProperties) = preSolution
		HideSolutionNode = FALSE
	EndGlobalSection
	GlobalSection(ExtensibilityGlobals) = postSolution
		SolutionGuid = {D5A81573-A41E-4B2B-BFC6-E383ACFAD0BA}
	EndGlobalSection
EndGlobal
